
Microsoft Visual Studio Solution File, Format Version 12.00
# Visual Studio 2012
Project("{FAE04EC0-301F-11D3-BF4B-00C04F79EFBC}") = "Upanel", "Upanel\Upanel.csproj", "{3EEFCD43-389C-4D72-9F18-1AEA9D91F2FC}"
EndProject
Global
	GlobalSection(SolutionConfigurationPlatforms) = preSolution
		Debug|Any CPU = Debug|Any CPU
		Release|Any CPU = Release|Any CPU
	EndGlobalSection
	GlobalSection(ProjectConfigurationPlatforms) = postSolution
		{3EEFCD43-389C-4D72-9F18-1AEA9D91F2FC}.Debug|Any CPU.ActiveCfg = Debug|Any CPU
		{3EEFCD43-389C-4D72-9F18-1AEA9D91F2FC}.Debug|Any CPU.Build.0 = Debug|Any CPU
		{3EEFCD43-389C-4D72-9F18-1AEA9D91F2FC}.Release|Any CPU.ActiveCfg = Release|Any CPU
		{3EEFCD43-389C-4D72-9F18-1AEA9D91F2FC}.Release|Any CPU.Build.0 = Release|Any CPU
	EndGlobalSection
	GlobalSection(SolutionProperties) = preSolution
		HideSolutionNode = FALSE
	EndGlobalSection
EndGlobal
